# THIS IS AN AUTOGENERATED FILE. DO NOT EDIT THIS FILE DIRECTLY.
# yarn lockfile v1


swr@^1.1.0:
  version "1.1.0"
  resolved "https://registry.yarnpkg.com/swr/-/swr-1.1.0.tgz#7710cdbc5ff664c13e41fba6a1fa4734f82aba35"
  integrity sha512-MFL3mkl752Uap81nLA1tEu7vQmikPamSziW+6dBidYKAo4oLOlUx/x5GZy4ZCkCwfZe2uedylkz1UMGnatUX4g==
